
Microsoft Visual Studio Solution File, Format Version 12.00
# Visual Studio 15
VisualStudioVersion = 15.0.28010.2036
MinimumVisualStudioVersion = 10.0.40219.1
Project("{FAE04EC0-301F-11D3-BF4B-00C04F79EFBC}") = "PartyHub", "PartyHub\PartyHub.csproj", "{0C631C2E-C7EF-4087-A1F3-7A15AC9532AA}"
EndProject
Global
	GlobalSection(SolutionConfigurationPlatforms) = preSolution
		Debug|Any CPU = Debug|Any CPU
		Release|Any CPU = Release|Any CPU
	EndGlobalSection
	GlobalSection(ProjectConfigurationPlatforms) = postSolution
		{0C631C2E-C7EF-4087-A1F3-7A15AC9532AA}.Debug|Any CPU.ActiveCfg = Debug|Any CPU
		{0C631C2E-C7EF-4087-A1F3-7A15AC9532AA}.Debug|Any CPU.Build.0 = Debug|Any CPU
		{0C631C2E-C7EF-4087-A1F3-7A15AC9532AA}.Release|Any CPU.ActiveCfg = Release|Any CPU
		{0C631C2E-C7EF-4087-A1F3-7A15AC9532AA}.Release|Any CPU.Build.0 = Release|Any CPU
	EndGlobalSection
	GlobalSection(SolutionProperties) = preSolution
		HideSolutionNode = FALSE
	EndGlobalSection
	GlobalSection(ExtensibilityGlobals) = postSolution
		SolutionGuid = {B560AE88-22D6-432F-A6A7-413C321F256E}
	EndGlobalSection
EndGlobal
